
Microsoft Visual Studio Solution File, Format Version 12.00
# Visual Studio Version 16
VisualStudioVersion = 16.0.808.6
MinimumVisualStudioVersion = 10.0.40219.1
Project("{FAE04EC0-301F-11D3-BF4B-00C04F79EFBC}") = "OopTest", "OopTest\OopTest.csproj", "{8FA7E1AA-6AF1-4B85-8E60-7DA15F17894A}"
EndProject
Global
	GlobalSection(SolutionConfigurationPlatforms) = preSolution
		Debug|Any CPU = Debug|Any CPU
		Release|Any CPU = Release|Any CPU
	EndGlobalSection
	GlobalSection(ProjectConfigurationPlatforms) = postSolution
		{8FA7E1AA-6AF1-4B85-8E60-7DA15F17894A}.Debug|Any CPU.ActiveCfg = Debug|Any CPU
		{8FA7E1AA-6AF1-4B85-8E60-7DA15F17894A}.Debug|Any CPU.Build.0 = Debug|Any CPU
		{8FA7E1AA-6AF1-4B85-8E60-7DA15F17894A}.Release|Any CPU.ActiveCfg = Release|Any CPU
		{8FA7E1AA-6AF1-4B85-8E60-7DA15F17894A}.Release|Any CPU.Build.0 = Release|Any CPU
	EndGlobalSection
	GlobalSection(SolutionProperties) = preSolution
		HideSolutionNode = FALSE
	EndGlobalSection
	GlobalSection(ExtensibilityGlobals) = postSolution
		SolutionGuid = {910577FD-F8DD-40E8-B606-2B551F14B0BB}
	EndGlobalSection
EndGlobal
